{
  "meteor": {
    "git": "https://github.com/meteor/meteor.git",
    "branch": "master",
    "commit": "4555d2c8e4f7389d9d5fadd39d381fdb080ed742"
  },
  "dependencies": {
    "basePackages": {
      "iron-router": {},
      "mailchimp": {},
      "bootstrap-3": {},
      "GAnalytics": {}
    },
    "packages": {
      "iron-router": {
        "git": "https://github.com/EventedMind/iron-router.git",
        "tag": "v0.6.4",
        "commit": "927bbaed1b87894fb6fb70807f74ff3a5bd89f29"
      },
      "mailchimp": {
        "git": "https://github.com/MiroHibler/meteor-mailchimp.git",
        "tag": "v0.2.0",
        "commit": "a714b79dc4992ec2bbdbc9a152d13aab114bae3c"
      },
      "bootstrap-3": {
        "git": "https://github.com/mangasocial/meteor-bootstrap-3.git",
        "tag": "v3.1.0-1",
        "commit": "329dccb08bfc18c635676dea600ac9953162cda9"
      },
      "GAnalytics": {
        "git": "https://github.com/datariot/meteor-ganalytics.git",
        "tag": "v0.1.1",
        "commit": "91b19d37687bb2cd7976fb43b482143a53509d7e"
      }
    }
  }
}
