{
  "meteor": {
    "git": "https://github.com/meteor/meteor.git",
    "branch": "master",
    "commit": "4af3116d3faa3c4416dcfa49e32ea1d73dc15dc5"
  },
  "dependencies": {
    "basePackages": {
      "iron-router": {},
      "mailchimp": {},
      "bootstrap-3": {},
      "GAnalytics": {}
    },
    "packages": {
      "iron-router": {
        "git": "https://github.com/EventedMind/iron-router.git",
        "tag": "v0.6.2",
        "commit": "ce56e58b45624dce992490f3a1c10f10d3948bae"
      },
      "mailchimp": {
        "git": "https://github.com/MiroHibler/meteor-mailchimp.git",
        "tag": "v0.1.0",
        "commit": "b18736af89cd546cf130b3970aa92047f2cd265e"
      },
      "bootstrap-3": {
        "git": "https://github.com/mangasocial/meteor-bootstrap-3.git",
        "tag": "v3.1.0-1",
        "commit": "329dccb08bfc18c635676dea600ac9953162cda9"
      },
      "GAnalytics": {
        "git": "https://github.com/datariot/meteor-ganalytics.git",
        "tag": "v0.1.1",
        "commit": "91b19d37687bb2cd7976fb43b482143a53509d7e"
      }
    }
  }
}
